{
  "object": {
    "pins": [
      {
        "package": "RealmDatabase",
        "repositoryURL": "https://github.com/realm/realm-core",
        "state": {
          "branch": null,
          "revision": "dcd3788f75bafb0cc397d145e1651aab3ad4bf0e",
          "version": "11.12.0"
        }
      },
      {
        "package": "Realm",
        "repositoryURL": "https://github.com/realm/realm-swift",
        "state": {
          "branch": "master",
          "revision": "551f4e03ed2354c1af1da6f97456ce1ad4a55d3f",
          "version": null
        }
      }
    ]
  },
  "version": 1
}
